
Microsoft Visual Studio Solution File, Format Version 12.00
# Visual Studio Version 17
VisualStudioVersion = 17.5.33209.295
MinimumVisualStudioVersion = 10.0.40219.1
Project("{9A19103F-16F7-4668-BE54-9A1E7A4F7556}") = "AutumnSceneGL", "Autumn\Autumn.csproj", "{5E08BBAD-BD91-46B2-A30F-BC911127002F}"
EndProject
Project("{9A19103F-16F7-4668-BE54-9A1E7A4F7556}") = "SceneGL", "Libraries\SceneGL\SceneGL\SceneGL.csproj", "{BFC11889-1BA3-4FBC-A83A-AEA253528E59}"
EndProject
Project("{9A19103F-16F7-4668-BE54-9A1E7A4F7556}") = "NARCSharp", "Libraries\NARCSharp\NARCSharp\NARCSharp.csproj", "{2C4A3B2C-4673-4D61-8B7F-CE1499D27346}"
EndProject
Project("{9A19103F-16F7-4668-BE54-9A1E7A4F7556}") = "BYAML", "Libraries\BYAML\BYAML.csproj", "{0B696B04-FADD-486C-8E37-BC4428274408}"
EndProject
Project("{9A19103F-16F7-4668-BE54-9A1E7A4F7556}") = "SPICA", "Libraries\SPICA\SPICA\SPICA.csproj", "{C38A2639-E32E-492B-B1D2-1F95F3593252}"
EndProject
Global
	GlobalSection(SolutionConfigurationPlatforms) = preSolution
		Debug|Any CPU = Debug|Any CPU
		Release|Any CPU = Release|Any CPU
	EndGlobalSection
	GlobalSection(ProjectConfigurationPlatforms) = postSolution
		{5E08BBAD-BD91-46B2-A30F-BC911127002F}.Debug|Any CPU.ActiveCfg = Debug|Any CPU
		{5E08BBAD-BD91-46B2-A30F-BC911127002F}.Debug|Any CPU.Build.0 = Debug|Any CPU
		{5E08BBAD-BD91-46B2-A30F-BC911127002F}.Release|Any CPU.ActiveCfg = Release|Any CPU
		{5E08BBAD-BD91-46B2-A30F-BC911127002F}.Release|Any CPU.Build.0 = Release|Any CPU
		{BFC11889-1BA3-4FBC-A83A-AEA253528E59}.Debug|Any CPU.ActiveCfg = Debug|Any CPU
		{BFC11889-1BA3-4FBC-A83A-AEA253528E59}.Debug|Any CPU.Build.0 = Debug|Any CPU
		{BFC11889-1BA3-4FBC-A83A-AEA253528E59}.Release|Any CPU.ActiveCfg = Release|Any CPU
		{BFC11889-1BA3-4FBC-A83A-AEA253528E59}.Release|Any CPU.Build.0 = Release|Any CPU
		{2C4A3B2C-4673-4D61-8B7F-CE1499D27346}.Debug|Any CPU.ActiveCfg = Debug|Any CPU
		{2C4A3B2C-4673-4D61-8B7F-CE1499D27346}.Debug|Any CPU.Build.0 = Debug|Any CPU
		{2C4A3B2C-4673-4D61-8B7F-CE1499D27346}.Release|Any CPU.ActiveCfg = Release|Any CPU
		{2C4A3B2C-4673-4D61-8B7F-CE1499D27346}.Release|Any CPU.Build.0 = Release|Any CPU
		{0B696B04-FADD-486C-8E37-BC4428274408}.Debug|Any CPU.ActiveCfg = Debug|Any CPU
		{0B696B04-FADD-486C-8E37-BC4428274408}.Debug|Any CPU.Build.0 = Debug|Any CPU
		{0B696B04-FADD-486C-8E37-BC4428274408}.Release|Any CPU.ActiveCfg = Release|Any CPU
		{0B696B04-FADD-486C-8E37-BC4428274408}.Release|Any CPU.Build.0 = Release|Any CPU
		{C38A2639-E32E-492B-B1D2-1F95F3593252}.Debug|Any CPU.ActiveCfg = Debug|Any CPU
		{C38A2639-E32E-492B-B1D2-1F95F3593252}.Debug|Any CPU.Build.0 = Debug|Any CPU
		{C38A2639-E32E-492B-B1D2-1F95F3593252}.Release|Any CPU.ActiveCfg = Release|Any CPU
		{C38A2639-E32E-492B-B1D2-1F95F3593252}.Release|Any CPU.Build.0 = Release|Any CPU
	EndGlobalSection
	GlobalSection(SolutionProperties) = preSolution
		HideSolutionNode = FALSE
	EndGlobalSection
	GlobalSection(ExtensibilityGlobals) = postSolution
		SolutionGuid = {8DB2B6FC-1FFA-46E3-83E8-556F3FB816D9}
	EndGlobalSection
EndGlobal
